
Microsoft Visual Studio Solution File, Format Version 12.00
# Visual Studio Version 16
VisualStudioVersion = 16.0.32002.261
MinimumVisualStudioVersion = 10.0.40219.1
Project("{FAE04EC0-301F-11D3-BF4B-00C04F79EFBC}") = "DataBinding", "DataBinding\DataBinding.csproj", "{8FDC10AE-9982-416A-BA21-0EAFC6F286CB}"
EndProject
Global
	GlobalSection(SolutionConfigurationPlatforms) = preSolution
		Debug|Any CPU = Debug|Any CPU
		Release|Any CPU = Release|Any CPU
	EndGlobalSection
	GlobalSection(ProjectConfigurationPlatforms) = postSolution
		{8FDC10AE-9982-416A-BA21-0EAFC6F286CB}.Debug|Any CPU.ActiveCfg = Debug|Any CPU
		{8FDC10AE-9982-416A-BA21-0EAFC6F286CB}.Debug|Any CPU.Build.0 = Debug|Any CPU
		{8FDC10AE-9982-416A-BA21-0EAFC6F286CB}.Release|Any CPU.ActiveCfg = Release|Any CPU
		{8FDC10AE-9982-416A-BA21-0EAFC6F286CB}.Release|Any CPU.Build.0 = Release|Any CPU
	EndGlobalSection
	GlobalSection(SolutionProperties) = preSolution
		HideSolutionNode = FALSE
	EndGlobalSection
	GlobalSection(ExtensibilityGlobals) = postSolution
		SolutionGuid = {2ED0BF82-A953-40F3-B307-C6557868AA29}
	EndGlobalSection
EndGlobal
